
Microsoft Visual Studio Solution File, Format Version 12.00
# Visual Studio Version 17
VisualStudioVersion = 17.1.32407.343
MinimumVisualStudioVersion = 10.0.40219.1
Project("{FAE04EC0-301F-11D3-BF4B-00C04F79EFBC}") = "Lesson3", "Lesson3\Lesson3.csproj", "{2F7016B2-9787-4B7C-A07E-5530B1FB0961}"
EndProject
Project("{FAE04EC0-301F-11D3-BF4B-00C04F79EFBC}") = "GBcool", "GBcool\GBcool.csproj", "{0A006F7D-F9B1-43F4-A27F-0E4F558186B8}"
EndProject
Global
	GlobalSection(SolutionConfigurationPlatforms) = preSolution
		Debug|Any CPU = Debug|Any CPU
		Release|Any CPU = Release|Any CPU
	EndGlobalSection
	GlobalSection(ProjectConfigurationPlatforms) = postSolution
		{2F7016B2-9787-4B7C-A07E-5530B1FB0961}.Debug|Any CPU.ActiveCfg = Debug|Any CPU
		{2F7016B2-9787-4B7C-A07E-5530B1FB0961}.Debug|Any CPU.Build.0 = Debug|Any CPU
		{2F7016B2-9787-4B7C-A07E-5530B1FB0961}.Release|Any CPU.ActiveCfg = Release|Any CPU
		{2F7016B2-9787-4B7C-A07E-5530B1FB0961}.Release|Any CPU.Build.0 = Release|Any CPU
		{0A006F7D-F9B1-43F4-A27F-0E4F558186B8}.Debug|Any CPU.ActiveCfg = Debug|Any CPU
		{0A006F7D-F9B1-43F4-A27F-0E4F558186B8}.Debug|Any CPU.Build.0 = Debug|Any CPU
		{0A006F7D-F9B1-43F4-A27F-0E4F558186B8}.Release|Any CPU.ActiveCfg = Release|Any CPU
		{0A006F7D-F9B1-43F4-A27F-0E4F558186B8}.Release|Any CPU.Build.0 = Release|Any CPU
	EndGlobalSection
	GlobalSection(SolutionProperties) = preSolution
		HideSolutionNode = FALSE
	EndGlobalSection
	GlobalSection(ExtensibilityGlobals) = postSolution
		SolutionGuid = {8165EA51-0535-4DA4-9E9F-6525C21DBD56}
	EndGlobalSection
EndGlobal
